
Microsoft Visual Studio Solution File, Format Version 12.00
# Visual Studio Version 16
VisualStudioVersion = 16.0.29009.5
MinimumVisualStudioVersion = 10.0.40219.1
Project("{FAE04EC0-301F-11D3-BF4B-00C04F79EFBC}") = "CA2", "CA2\CA2.csproj", "{829EDD9D-9713-4EEF-AF22-3D7C078DCF9F}"
EndProject
Global
	GlobalSection(SolutionConfigurationPlatforms) = preSolution
		Debug|Any CPU = Debug|Any CPU
		Release|Any CPU = Release|Any CPU
	EndGlobalSection
	GlobalSection(ProjectConfigurationPlatforms) = postSolution
		{829EDD9D-9713-4EEF-AF22-3D7C078DCF9F}.Debug|Any CPU.ActiveCfg = Debug|Any CPU
		{829EDD9D-9713-4EEF-AF22-3D7C078DCF9F}.Debug|Any CPU.Build.0 = Debug|Any CPU
		{829EDD9D-9713-4EEF-AF22-3D7C078DCF9F}.Release|Any CPU.ActiveCfg = Release|Any CPU
		{829EDD9D-9713-4EEF-AF22-3D7C078DCF9F}.Release|Any CPU.Build.0 = Release|Any CPU
	EndGlobalSection
	GlobalSection(SolutionProperties) = preSolution
		HideSolutionNode = FALSE
	EndGlobalSection
	GlobalSection(ExtensibilityGlobals) = postSolution
		SolutionGuid = {99F47A89-7211-49E7-A616-6A7CC2BB31DF}
	EndGlobalSection
EndGlobal
